
Microsoft Visual Studio Solution File, Format Version 12.00
# Visual Studio Version 16
VisualStudioVersion = 16.0.29418.71
MinimumVisualStudioVersion = 10.0.40219.1
Project("{FAE04EC0-301F-11D3-BF4B-00C04F79EFBC}") = "GarbageRemovals", "GarbageRemovals\GarbageRemovals.csproj", "{004AE968-2A64-4AF6-976A-5E5B1D8F1DEA}"
EndProject
Global
	GlobalSection(SolutionConfigurationPlatforms) = preSolution
		Debug|Any CPU = Debug|Any CPU
		Release|Any CPU = Release|Any CPU
	EndGlobalSection
	GlobalSection(ProjectConfigurationPlatforms) = postSolution
		{004AE968-2A64-4AF6-976A-5E5B1D8F1DEA}.Debug|Any CPU.ActiveCfg = Debug|Any CPU
		{004AE968-2A64-4AF6-976A-5E5B1D8F1DEA}.Debug|Any CPU.Build.0 = Debug|Any CPU
		{004AE968-2A64-4AF6-976A-5E5B1D8F1DEA}.Release|Any CPU.ActiveCfg = Release|Any CPU
		{004AE968-2A64-4AF6-976A-5E5B1D8F1DEA}.Release|Any CPU.Build.0 = Release|Any CPU
	EndGlobalSection
	GlobalSection(SolutionProperties) = preSolution
		HideSolutionNode = FALSE
	EndGlobalSection
	GlobalSection(ExtensibilityGlobals) = postSolution
		SolutionGuid = {38139938-2B47-4629-93A6-B26CEB732305}
	EndGlobalSection
EndGlobal
